
Microsoft Visual Studio Solution File, Format Version 12.00
# Visual Studio Version 17
VisualStudioVersion = 17.0.31903.59
MinimumVisualStudioVersion = 10.0.40219.1
Project("{2150E333-8FDC-42A3-9474-1A3956D46DE8}") = "src", "src", "{719385D2-45A1-4EF8-8A85-6667AC3C9A44}"
EndProject
Project("{FAE04EC0-301F-11D3-BF4B-00C04F79EFBC}") = "Library.Api", "src\Library.Api\Library.Api.csproj", "{31E95958-90DF-4733-AD0B-4BF4B0F382B7}"
EndProject
Project("{FAE04EC0-301F-11D3-BF4B-00C04F79EFBC}") = "Library.CrossCutting", "src\Library.CrossCutting\Library.CrossCutting.csproj", "{2457C802-7C9A-48FD-AD46-76E0D94E1E44}"
EndProject
Project("{2150E333-8FDC-42A3-9474-1A3956D46DE8}") = "Modules", "Modules", "{626769A5-E5F6-46DE-A804-377F7D31F1F5}"
EndProject
Project("{2150E333-8FDC-42A3-9474-1A3956D46DE8}") = "Account", "Account", "{A3427DC3-C026-465D-B37A-22C3E2054F87}"
EndProject
Project("{FAE04EC0-301F-11D3-BF4B-00C04F79EFBC}") = "Library.Account.Application", "src\Modules\Account\Library.Account.Application\Library.Account.Application.csproj", "{373231ED-B43F-4EC5-8F59-B9A3CC93C295}"
EndProject
Project("{FAE04EC0-301F-11D3-BF4B-00C04F79EFBC}") = "Library.Account.Domain", "src\Modules\Account\Library.Account.Domain\Library.Account.Domain.csproj", "{63AC2BD0-CF4B-49C6-9088-AE65F6365631}"
EndProject
Project("{FAE04EC0-301F-11D3-BF4B-00C04F79EFBC}") = "Library.Account.Infra", "src\Modules\Account\Library.Account.Infra\Library.Account.Infra.csproj", "{271CA8DD-63AB-4B43-9516-7298768D2AFC}"
EndProject
Project("{2150E333-8FDC-42A3-9474-1A3956D46DE8}") = "Notification", "Notification", "{AE30F244-6A72-41D4-91DD-EEEA06D1FD71}"
EndProject
Project("{FAE04EC0-301F-11D3-BF4B-00C04F79EFBC}") = "Library.Notification.Core", "src\Modules\Notification\Library.Notification.Core\Library.Notification.Core.csproj", "{D354F44D-1A43-4F15-BEB2-59D5018EC2A8}"
EndProject
Project("{2150E333-8FDC-42A3-9474-1A3956D46DE8}") = "Rent", "Rent", "{F7C61C8E-7AAF-4923-8A17-B30432296451}"
EndProject
Project("{FAE04EC0-301F-11D3-BF4B-00C04F79EFBC}") = "Library.Rent.Application", "src\Modules\Rent\Library.Rent.Application\Library.Rent.Application.csproj", "{3CEB2F32-D7FD-4F96-B771-6FA87D50094C}"
EndProject
Project("{FAE04EC0-301F-11D3-BF4B-00C04F79EFBC}") = "Library.Rent.Domain", "src\Modules\Rent\Library.Rent.Domain\Library.Rent.Domain.csproj", "{AC6350C2-9818-4C4E-BC45-48689CED32D5}"
EndProject
Project("{FAE04EC0-301F-11D3-BF4B-00C04F79EFBC}") = "Library.Rent.Infra", "src\Modules\Rent\Library.Rent.Infra\Library.Rent.Infra.csproj", "{DC9E48B5-120E-4C06-93D7-9799A768FA0B}"
EndProject
Project("{2150E333-8FDC-42A3-9474-1A3956D46DE8}") = "Shelf", "Shelf", "{4B4B545E-FA96-4E4B-96A3-80055A8ED888}"
EndProject
Project("{FAE04EC0-301F-11D3-BF4B-00C04F79EFBC}") = "Library.Shelf.Application", "src\Modules\Shelf\Library.Shelf.Application\Library.Shelf.Application.csproj", "{BDEBBD09-257A-4E4C-8712-0712CACA317D}"
EndProject
Project("{FAE04EC0-301F-11D3-BF4B-00C04F79EFBC}") = "Library.Shelf.Domain", "src\Modules\Shelf\Library.Shelf.Domain\Library.Shelf.Domain.csproj", "{C8FC6014-A65E-47D6-8E34-90781C40E326}"
EndProject
Project("{FAE04EC0-301F-11D3-BF4B-00C04F79EFBC}") = "Library.Shelf.Infra", "src\Modules\Shelf\Library.Shelf.Infra\Library.Shelf.Infra.csproj", "{4F726B6C-F7EA-4E25-A783-62CC0C636063}"
EndProject
Global
	GlobalSection(SolutionConfigurationPlatforms) = preSolution
		Debug|Any CPU = Debug|Any CPU
		Release|Any CPU = Release|Any CPU
	EndGlobalSection
	GlobalSection(SolutionProperties) = preSolution
		HideSolutionNode = FALSE
	EndGlobalSection
	GlobalSection(ProjectConfigurationPlatforms) = postSolution
		{31E95958-90DF-4733-AD0B-4BF4B0F382B7}.Debug|Any CPU.ActiveCfg = Debug|Any CPU
		{31E95958-90DF-4733-AD0B-4BF4B0F382B7}.Debug|Any CPU.Build.0 = Debug|Any CPU
		{31E95958-90DF-4733-AD0B-4BF4B0F382B7}.Release|Any CPU.ActiveCfg = Release|Any CPU
		{31E95958-90DF-4733-AD0B-4BF4B0F382B7}.Release|Any CPU.Build.0 = Release|Any CPU
		{2457C802-7C9A-48FD-AD46-76E0D94E1E44}.Debug|Any CPU.ActiveCfg = Debug|Any CPU
		{2457C802-7C9A-48FD-AD46-76E0D94E1E44}.Debug|Any CPU.Build.0 = Debug|Any CPU
		{2457C802-7C9A-48FD-AD46-76E0D94E1E44}.Release|Any CPU.ActiveCfg = Release|Any CPU
		{2457C802-7C9A-48FD-AD46-76E0D94E1E44}.Release|Any CPU.Build.0 = Release|Any CPU
		{373231ED-B43F-4EC5-8F59-B9A3CC93C295}.Debug|Any CPU.ActiveCfg = Debug|Any CPU
		{373231ED-B43F-4EC5-8F59-B9A3CC93C295}.Debug|Any CPU.Build.0 = Debug|Any CPU
		{373231ED-B43F-4EC5-8F59-B9A3CC93C295}.Release|Any CPU.ActiveCfg = Release|Any CPU
		{373231ED-B43F-4EC5-8F59-B9A3CC93C295}.Release|Any CPU.Build.0 = Release|Any CPU
		{63AC2BD0-CF4B-49C6-9088-AE65F6365631}.Debug|Any CPU.ActiveCfg = Debug|Any CPU
		{63AC2BD0-CF4B-49C6-9088-AE65F6365631}.Debug|Any CPU.Build.0 = Debug|Any CPU
		{63AC2BD0-CF4B-49C6-9088-AE65F6365631}.Release|Any CPU.ActiveCfg = Release|Any CPU
		{63AC2BD0-CF4B-49C6-9088-AE65F6365631}.Release|Any CPU.Build.0 = Release|Any CPU
		{271CA8DD-63AB-4B43-9516-7298768D2AFC}.Debug|Any CPU.ActiveCfg = Debug|Any CPU
		{271CA8DD-63AB-4B43-9516-7298768D2AFC}.Debug|Any CPU.Build.0 = Debug|Any CPU
		{271CA8DD-63AB-4B43-9516-7298768D2AFC}.Release|Any CPU.ActiveCfg = Release|Any CPU
		{271CA8DD-63AB-4B43-9516-7298768D2AFC}.Release|Any CPU.Build.0 = Release|Any CPU
		{D354F44D-1A43-4F15-BEB2-59D5018EC2A8}.Debug|Any CPU.ActiveCfg = Debug|Any CPU
		{D354F44D-1A43-4F15-BEB2-59D5018EC2A8}.Debug|Any CPU.Build.0 = Debug|Any CPU
		{D354F44D-1A43-4F15-BEB2-59D5018EC2A8}.Release|Any CPU.ActiveCfg = Release|Any CPU
		{D354F44D-1A43-4F15-BEB2-59D5018EC2A8}.Release|Any CPU.Build.0 = Release|Any CPU
		{3CEB2F32-D7FD-4F96-B771-6FA87D50094C}.Debug|Any CPU.ActiveCfg = Debug|Any CPU
		{3CEB2F32-D7FD-4F96-B771-6FA87D50094C}.Debug|Any CPU.Build.0 = Debug|Any CPU
		{3CEB2F32-D7FD-4F96-B771-6FA87D50094C}.Release|Any CPU.ActiveCfg = Release|Any CPU
		{3CEB2F32-D7FD-4F96-B771-6FA87D50094C}.Release|Any CPU.Build.0 = Release|Any CPU
		{AC6350C2-9818-4C4E-BC45-48689CED32D5}.Debug|Any CPU.ActiveCfg = Debug|Any CPU
		{AC6350C2-9818-4C4E-BC45-48689CED32D5}.Debug|Any CPU.Build.0 = Debug|Any CPU
		{AC6350C2-9818-4C4E-BC45-48689CED32D5}.Release|Any CPU.ActiveCfg = Release|Any CPU
		{AC6350C2-9818-4C4E-BC45-48689CED32D5}.Release|Any CPU.Build.0 = Release|Any CPU
		{DC9E48B5-120E-4C06-93D7-9799A768FA0B}.Debug|Any CPU.ActiveCfg = Debug|Any CPU
		{DC9E48B5-120E-4C06-93D7-9799A768FA0B}.Debug|Any CPU.Build.0 = Debug|Any CPU
		{DC9E48B5-120E-4C06-93D7-9799A768FA0B}.Release|Any CPU.ActiveCfg = Release|Any CPU
		{DC9E48B5-120E-4C06-93D7-9799A768FA0B}.Release|Any CPU.Build.0 = Release|Any CPU
		{BDEBBD09-257A-4E4C-8712-0712CACA317D}.Debug|Any CPU.ActiveCfg = Debug|Any CPU
		{BDEBBD09-257A-4E4C-8712-0712CACA317D}.Debug|Any CPU.Build.0 = Debug|Any CPU
		{BDEBBD09-257A-4E4C-8712-0712CACA317D}.Release|Any CPU.ActiveCfg = Release|Any CPU
		{BDEBBD09-257A-4E4C-8712-0712CACA317D}.Release|Any CPU.Build.0 = Release|Any CPU
		{C8FC6014-A65E-47D6-8E34-90781C40E326}.Debug|Any CPU.ActiveCfg = Debug|Any CPU
		{C8FC6014-A65E-47D6-8E34-90781C40E326}.Debug|Any CPU.Build.0 = Debug|Any CPU
		{C8FC6014-A65E-47D6-8E34-90781C40E326}.Release|Any CPU.ActiveCfg = Release|Any CPU
		{C8FC6014-A65E-47D6-8E34-90781C40E326}.Release|Any CPU.Build.0 = Release|Any CPU
		{4F726B6C-F7EA-4E25-A783-62CC0C636063}.Debug|Any CPU.ActiveCfg = Debug|Any CPU
		{4F726B6C-F7EA-4E25-A783-62CC0C636063}.Debug|Any CPU.Build.0 = Debug|Any CPU
		{4F726B6C-F7EA-4E25-A783-62CC0C636063}.Release|Any CPU.ActiveCfg = Release|Any CPU
		{4F726B6C-F7EA-4E25-A783-62CC0C636063}.Release|Any CPU.Build.0 = Release|Any CPU
	EndGlobalSection
	GlobalSection(NestedProjects) = preSolution
		{31E95958-90DF-4733-AD0B-4BF4B0F382B7} = {719385D2-45A1-4EF8-8A85-6667AC3C9A44}
		{2457C802-7C9A-48FD-AD46-76E0D94E1E44} = {719385D2-45A1-4EF8-8A85-6667AC3C9A44}
		{626769A5-E5F6-46DE-A804-377F7D31F1F5} = {719385D2-45A1-4EF8-8A85-6667AC3C9A44}
		{A3427DC3-C026-465D-B37A-22C3E2054F87} = {626769A5-E5F6-46DE-A804-377F7D31F1F5}
		{373231ED-B43F-4EC5-8F59-B9A3CC93C295} = {A3427DC3-C026-465D-B37A-22C3E2054F87}
		{63AC2BD0-CF4B-49C6-9088-AE65F6365631} = {A3427DC3-C026-465D-B37A-22C3E2054F87}
		{271CA8DD-63AB-4B43-9516-7298768D2AFC} = {A3427DC3-C026-465D-B37A-22C3E2054F87}
		{AE30F244-6A72-41D4-91DD-EEEA06D1FD71} = {626769A5-E5F6-46DE-A804-377F7D31F1F5}
		{D354F44D-1A43-4F15-BEB2-59D5018EC2A8} = {AE30F244-6A72-41D4-91DD-EEEA06D1FD71}
		{F7C61C8E-7AAF-4923-8A17-B30432296451} = {626769A5-E5F6-46DE-A804-377F7D31F1F5}
		{3CEB2F32-D7FD-4F96-B771-6FA87D50094C} = {F7C61C8E-7AAF-4923-8A17-B30432296451}
		{AC6350C2-9818-4C4E-BC45-48689CED32D5} = {F7C61C8E-7AAF-4923-8A17-B30432296451}
		{DC9E48B5-120E-4C06-93D7-9799A768FA0B} = {F7C61C8E-7AAF-4923-8A17-B30432296451}
		{4B4B545E-FA96-4E4B-96A3-80055A8ED888} = {626769A5-E5F6-46DE-A804-377F7D31F1F5}
		{BDEBBD09-257A-4E4C-8712-0712CACA317D} = {4B4B545E-FA96-4E4B-96A3-80055A8ED888}
		{C8FC6014-A65E-47D6-8E34-90781C40E326} = {4B4B545E-FA96-4E4B-96A3-80055A8ED888}
		{4F726B6C-F7EA-4E25-A783-62CC0C636063} = {4B4B545E-FA96-4E4B-96A3-80055A8ED888}
	EndGlobalSection
EndGlobal
