
Microsoft Visual Studio Solution File, Format Version 12.00
# Visual Studio Version 17
VisualStudioVersion = 17.4.33110.190
MinimumVisualStudioVersion = 10.0.40219.1
Project("{FAE04EC0-301F-11D3-BF4B-00C04F79EFBC}") = "POC", "POC\POC.csproj", "{1480EE43-C86D-45E3-AEE1-25F0943D3B25}"
EndProject
Global
	GlobalSection(SolutionConfigurationPlatforms) = preSolution
		Debug|Any CPU = Debug|Any CPU
		Release|Any CPU = Release|Any CPU
	EndGlobalSection
	GlobalSection(ProjectConfigurationPlatforms) = postSolution
		{1480EE43-C86D-45E3-AEE1-25F0943D3B25}.Debug|Any CPU.ActiveCfg = Debug|Any CPU
		{1480EE43-C86D-45E3-AEE1-25F0943D3B25}.Debug|Any CPU.Build.0 = Debug|Any CPU
		{1480EE43-C86D-45E3-AEE1-25F0943D3B25}.Release|Any CPU.ActiveCfg = Release|Any CPU
		{1480EE43-C86D-45E3-AEE1-25F0943D3B25}.Release|Any CPU.Build.0 = Release|Any CPU
	EndGlobalSection
	GlobalSection(SolutionProperties) = preSolution
		HideSolutionNode = FALSE
	EndGlobalSection
	GlobalSection(ExtensibilityGlobals) = postSolution
		SolutionGuid = {8F4A1627-A8E8-49A6-B98B-6C638D1D3CB6}
	EndGlobalSection
EndGlobal
